{
  "name": "kafka-tools",
  "version": "1.1.1-rc.0",
  "lockfileVersion": 1,
  "requires": true,
  "dependencies": {
    "accept": {
      "version": "2.1.4",
      "resolved": "https://tools.caseonit.com/npm/accept/-/accept-2.1.4.tgz",
      "integrity": "sha1-iHr1TO7lx/RDBGGXHsQAxh0JrLs=",
      "requires": {
        "boom": "5.2.0",
        "hoek": "4.2.0"
      }
    },
    "accepts": {
      "version": "1.3.3",
      "resolved": "https://tools.caseonit.com/npm/accepts/-/accepts-1.3.3.tgz",
      "integrity": "sha1-w8p0NJOGSMPg2cHjKN1otiLChMo=",
      "requires": {
        "mime-types": "2.1.17",
        "negotiator": "0.6.1"
      }
    },
    "after": {
      "version": "0.8.2",
      "resolved": "https://tools.caseonit.com/npm/after/-/after-0.8.2.tgz",
      "integrity": "sha1-/ts5T58OAqqXaOcCvaI7UF+ufh8="
    },
    "align-text": {
      "version": "0.1.4",
      "resolved": "https://tools.caseonit.com/npm/align-text/-/align-text-0.1.4.tgz",
      "integrity": "sha1-DNkKVhCT810KmSVsIrcGlDP60Rc=",
      "requires": {
        "kind-of": "3.2.2",
        "longest": "1.0.1",
        "repeat-string": "1.6.1"
      }
    },
    "amdefine": {
      "version": "1.0.1",
      "resolved": "https://tools.caseonit.com/npm/amdefine/-/amdefine-1.0.1.tgz",
      "integrity": "sha1-SlKCrBZHKek2Gbz9OtFR+BfOkfU="
    },
    "ammo": {
      "version": "2.0.4",
      "resolved": "https://tools.caseonit.com/npm/ammo/-/ammo-2.0.4.tgz",
      "integrity": "sha1-v4CqshFpjqePY+9efxE91dnokX8=",
      "requires": {
        "boom": "5.2.0",
        "hoek": "4.2.0"
      }
    },
    "argparse": {
      "version": "1.0.9",
      "resolved": "https://tools.caseonit.com/npm/argparse/-/argparse-1.0.9.tgz",
      "integrity": "sha1-c9g7wmP4bpf4zE9rrhsOkKfSLIY=",
      "requires": {
        "sprintf-js": "1.0.3"
      }
    },
    "arraybuffer.slice": {
      "version": "0.0.6",
      "resolved": "https://tools.caseonit.com/npm/arraybuffer.slice/-/arraybuffer.slice-0.0.6.tgz",
      "integrity": "sha1-8zshWfBTKj8xB6JywMz70a0peco="
    },
    "async": {
      "version": "1.5.2",
      "resolved": "https://tools.caseonit.com/npm/async/-/async-1.5.2.tgz",
      "integrity": "sha1-7GphrlZIDAw8skHJVhjiCJL5Zyo="
    },
    "b64": {
      "version": "3.0.3",
      "resolved": "https://tools.caseonit.com/npm/b64/-/b64-3.0.3.tgz",
      "integrity": "sha512-Pbeh0i6OLubPJdIdCepn8ZQHwN2MWznZHbHABSTEfQ706ie+yuxNSaPdqX1xRatT6WanaS1EazMiSg0NUW2XxQ=="
    },
    "backo2": {
      "version": "1.0.2",
      "resolved": "https://tools.caseonit.com/npm/backo2/-/backo2-1.0.2.tgz",
      "integrity": "sha1-MasayLEpNjRj41s+u2n038+6eUc="
    },
    "base64-arraybuffer": {
      "version": "0.1.5",
      "resolved": "https://tools.caseonit.com/npm/base64-arraybuffer/-/base64-arraybuffer-0.1.5.tgz",
      "integrity": "sha1-c5JncZI7Whl0etZmqlzUv5xunOg="
    },
    "base64id": {
      "version": "1.0.0",
      "resolved": "https://tools.caseonit.com/npm/base64id/-/base64id-1.0.0.tgz",
      "integrity": "sha1-R2iMuZu2gE8OBtPnY7HDLlfY5rY="
    },
    "better-assert": {
      "version": "1.0.2",
      "resolved": "https://tools.caseonit.com/npm/better-assert/-/better-assert-1.0.2.tgz",
      "integrity": "sha1-QIZrnhueC1W0gYlDEeaPr/rrxSI=",
      "requires": {
        "callsite": "1.0.0"
      }
    },
    "bindings": {
      "version": "1.3.0",
      "resolved": "https://tools.caseonit.com/npm/bindings/-/bindings-1.3.0.tgz",
      "integrity": "sha512-DpLh5EzMR2kzvX1KIlVC0VkC3iZtHKTgdtZ0a3pglBZdaQFjt5S9g9xd1lE+YvXyfd6mtCeRnrUfOLYiTMlNSw=="
    },
    "blob": {
      "version": "0.0.4",
      "resolved": "https://tools.caseonit.com/npm/blob/-/blob-0.0.4.tgz",
      "integrity": "sha1-vPEwUspURj8w+fx+lbmkdjCpSSE="
    },
    "boom": {
      "version": "5.2.0",
      "resolved": "https://tools.caseonit.com/npm/boom/-/boom-5.2.0.tgz",
      "integrity": "sha512-Z5BTk6ZRe4tXXQlkqftmsAUANpXmuwlsF5Oov8ThoMbQRzdGTA1ngYRW160GexgOgjsFOKJz0LYhoNi+2AMBUw==",
      "requires": {
        "hoek": "4.2.0"
      }
    },
    "call": {
      "version": "4.0.2",
      "resolved": "https://tools.caseonit.com/npm/call/-/call-4.0.2.tgz",
      "integrity": "sha1-33b19R7o3Ui4VqyEAPfmnm1zmcQ=",
      "requires": {
        "boom": "5.2.0",
        "hoek": "4.2.0"
      }
    },
    "call-me-maybe": {
      "version": "1.0.1",
      "resolved": "https://tools.caseonit.com/npm/call-me-maybe/-/call-me-maybe-1.0.1.tgz",
      "integrity": "sha1-JtII6onje1y95gJQoV8DHBak1ms="
    },
    "callsite": {
      "version": "1.0.0",
      "resolved": "https://tools.caseonit.com/npm/callsite/-/callsite-1.0.0.tgz",
      "integrity": "sha1-KAOY5dZkvXQDi28JBRU+borxvCA="
    },
    "camelcase": {
      "version": "1.2.1",
      "resolved": "https://tools.caseonit.com/npm/camelcase/-/camelcase-1.2.1.tgz",
      "integrity": "sha1-m7UwTS4LVmmLLHWLCKPqqdqlijk=",
      "optional": true
    },
    "catbox": {
      "version": "7.1.5",
      "resolved": "https://tools.caseonit.com/npm/catbox/-/catbox-7.1.5.tgz",
      "integrity": "sha512-4fui5lELzqZ+9cnaAP/BcqXTH6LvWLBRtFhJ0I4FfgfXiSaZcf6k9m9dqOyChiTxNYtvLk7ZMYSf7ahMq3bf5A==",
      "requires": {
        "boom": "5.2.0",
        "hoek": "4.2.0",
        "joi": "10.6.0"
      }
    },
    "catbox-memory": {
      "version": "2.0.4",
      "resolved": "https://tools.caseonit.com/npm/catbox-memory/-/catbox-memory-2.0.4.tgz",
      "integrity": "sha1-Qz4lWQLK9UIz0ShkKcj03xToItU=",
      "requires": {
        "hoek": "4.2.0"
      }
    },
    "center-align": {
      "version": "0.1.3",
      "resolved": "https://tools.caseonit.com/npm/center-align/-/center-align-0.1.3.tgz",
      "integrity": "sha1-qg0yYptu6XIgBBHL1EYckHvCt60=",
      "optional": true,
      "requires": {
        "align-text": "0.1.4",
        "lazy-cache": "1.0.4"
      }
    },
    "cliui": {
      "version": "2.1.0",
      "resolved": "https://tools.caseonit.com/npm/cliui/-/cliui-2.1.0.tgz",
      "integrity": "sha1-S0dXYP+AJkx2LDoXGQMukcf+oNE=",
      "optional": true,
      "requires": {
        "center-align": "0.1.3",
        "right-align": "0.1.3",
        "wordwrap": "0.0.2"
      },
      "dependencies": {
        "wordwrap": {
          "version": "0.0.2",
          "resolved": "https://tools.caseonit.com/npm/wordwrap/-/wordwrap-0.0.2.tgz",
          "integrity": "sha1-t5Zpu0LstAn4PVg8rVLKF+qhZD8=",
          "optional": true
        }
      }
    },
    "commander": {
      "version": "2.11.0",
      "resolved": "https://tools.caseonit.com/npm/commander/-/commander-2.11.0.tgz",
      "integrity": "sha512-b0553uYA5YAEGgyYIGYROzKQ7X5RAqedkfjiZxwi0kL1g3bOaBNNZfYkzt/CL0umgD5wc9Jec2FbB98CjkMRvQ==",
      "optional": true
    },
    "component-bind": {
      "version": "1.0.0",
      "resolved": "https://tools.caseonit.com/npm/component-bind/-/component-bind-1.0.0.tgz",
      "integrity": "sha1-AMYIq33Nk4l8AAllGx06jh5zu9E="
    },
    "component-emitter": {
      "version": "1.2.1",
      "resolved": "https://tools.caseonit.com/npm/component-emitter/-/component-emitter-1.2.1.tgz",
      "integrity": "sha1-E3kY1teCg/ffemt8WmPhQOaUJeY="
    },
    "component-inherit": {
      "version": "0.0.3",
      "resolved": "https://tools.caseonit.com/npm/component-inherit/-/component-inherit-0.0.3.tgz",
      "integrity": "sha1-ZF/ErfWLcrZJ1crmUTVhnbJv8UM="
    },
    "content": {
      "version": "3.0.6",
      "resolved": "https://tools.caseonit.com/npm/content/-/content-3.0.6.tgz",
      "integrity": "sha512-tyl3fRp8jOHsQR0X9vrIy0mKQccv0tA9/RlvLl514eA7vHOJr/TnmMTpgQjInwbeW9IOQVy0OECGAuQNUa0nnQ==",
      "requires": {
        "boom": "5.2.0"
      }
    },
    "cookie": {
      "version": "0.3.1",
      "resolved": "https://tools.caseonit.com/npm/cookie/-/cookie-0.3.1.tgz",
      "integrity": "sha1-5+Ch+e9DtMi6klxcWpboBtFoc7s="
    },
    "cryptiles": {
      "version": "3.1.2",
      "resolved": "https://tools.caseonit.com/npm/cryptiles/-/cryptiles-3.1.2.tgz",
      "integrity": "sha1-qJ+7Ig9c4l7FboxKqKT9e1sNKf4=",
      "requires": {
        "boom": "5.2.0"
      }
    },
    "debug": {
      "version": "3.1.0",
      "resolved": "https://tools.caseonit.com/npm/debug/-/debug-3.1.0.tgz",
      "integrity": "sha512-OX8XqP7/1a9cqkxYw2yXss15f26NKWBpDXQd0/uK/KPqdQhxbPa994hnzjcE2VqQpDslf55723cKPUOGSmMY3g==",
      "requires": {
        "ms": "2.0.0"
      }
    },
    "decamelize": {
      "version": "1.2.0",
      "resolved": "https://tools.caseonit.com/npm/decamelize/-/decamelize-1.2.0.tgz",
      "integrity": "sha1-9lNNFRSCabIDUue+4m9QH5oZEpA=",
      "optional": true
    },
    "engine.io": {
      "version": "3.1.3",
      "resolved": "https://tools.caseonit.com/npm/engine.io/-/engine.io-3.1.3.tgz",
      "integrity": "sha1-euz3G/ijEPn6IUYZmcT8wDX4qHc=",
      "requires": {
        "accepts": "1.3.3",
        "base64id": "1.0.0",
        "cookie": "0.3.1",
        "debug": "2.6.9",
        "engine.io-parser": "2.1.1",
        "uws": "0.14.5",
        "ws": "2.3.1"
      },
      "dependencies": {
        "debug": {
          "version": "2.6.9",
          "resolved": "https://tools.caseonit.com/npm/debug/-/debug-2.6.9.tgz",
          "integrity": "sha512-bC7ElrdJaJnPbAP+1EotYvqZsb3ecl5wi6Bfi6BJTUcNowp6cvspg0jXznRTKDjm/E7AdgFBVeAPVMNcKGsHMA==",
          "requires": {
            "ms": "2.0.0"
          }
        }
      }
    },
    "engine.io-client": {
      "version": "3.1.3",
      "resolved": "https://tools.caseonit.com/npm/engine.io-client/-/engine.io-client-3.1.3.tgz",
      "integrity": "sha1-1wXkiYXf6LVKmMn3cFK4sIJYvgU=",
      "requires": {
        "component-emitter": "1.2.1",
        "component-inherit": "0.0.3",
        "debug": "2.6.9",
        "engine.io-parser": "2.1.1",
        "has-cors": "1.1.0",
        "indexof": "0.0.1",
        "parseqs": "0.0.5",
        "parseuri": "0.0.5",
        "ws": "2.3.1",
        "xmlhttprequest-ssl": "1.5.4",
        "yeast": "0.1.2"
      },
      "dependencies": {
        "debug": {
          "version": "2.6.9",
          "resolved": "https://tools.caseonit.com/npm/debug/-/debug-2.6.9.tgz",
          "integrity": "sha512-bC7ElrdJaJnPbAP+1EotYvqZsb3ecl5wi6Bfi6BJTUcNowp6cvspg0jXznRTKDjm/E7AdgFBVeAPVMNcKGsHMA==",
          "requires": {
            "ms": "2.0.0"
          }
        }
      }
    },
    "engine.io-parser": {
      "version": "2.1.1",
      "resolved": "https://tools.caseonit.com/npm/engine.io-parser/-/engine.io-parser-2.1.1.tgz",
      "integrity": "sha1-4Ps/DgRi9/WLt3waUun1p+JuRmg=",
      "requires": {
        "after": "0.8.2",
        "arraybuffer.slice": "0.0.6",
        "base64-arraybuffer": "0.1.5",
        "blob": "0.0.4",
        "has-binary2": "1.0.2"
      }
    },
    "es6-promise": {
      "version": "4.1.1",
      "resolved": "https://tools.caseonit.com/npm/es6-promise/-/es6-promise-4.1.1.tgz",
      "integrity": "sha512-OaU1hHjgJf+b0NzsxCg7NdIYERD6Hy/PEmFLTjw+b65scuisG3Kt4QoTvJ66BBkPZ581gr0kpoVzKnxniM8nng=="
    },
    "esprima": {
      "version": "4.0.0",
      "resolved": "https://tools.caseonit.com/npm/esprima/-/esprima-4.0.0.tgz",
      "integrity": "sha512-oftTcaMu/EGrEIu904mWteKIv8vMuOgGYo7EhVJJN00R/EED9DCua/xxHRdYnKtcECzVg7xOWhflvJMnqcFZjw=="
    },
    "fast-safe-stringify": {
      "version": "1.2.0",
      "resolved": "https://tools.caseonit.com/npm/fast-safe-stringify/-/fast-safe-stringify-1.2.0.tgz",
      "integrity": "sha1-69QmZv0Y/k8rpPDSlQZfP4XK3pY="
    },
    "format-util": {
      "version": "1.0.3",
      "resolved": "https://tools.caseonit.com/npm/format-util/-/format-util-1.0.3.tgz",
      "integrity": "sha1-Ay3KShFiYqEsQ/TD7IVmQWxbLZU="
    },
    "glue": {
      "version": "4.2.0",
      "resolved": "https://tools.caseonit.com/npm/glue/-/glue-4.2.0.tgz",
      "integrity": "sha1-aehHKGLu7Q34vWy/egS7WFWKOlo=",
      "requires": {
        "hapi": "16.6.2",
        "hoek": "4.2.0",
        "items": "2.1.1",
        "joi": "10.6.0"
      }
    },
    "handlebars": {
      "version": "4.0.11",
      "resolved": "https://tools.caseonit.com/npm/handlebars/-/handlebars-4.0.11.tgz",
      "integrity": "sha1-Ywo13+ApS8KB7a5v/F0yn8eYLcw=",
      "requires": {
        "async": "1.5.2",
        "optimist": "0.6.1",
        "source-map": "0.4.4",
        "uglify-js": "2.8.29"
      }
    },
    "hapi": {
      "version": "16.6.2",
      "resolved": "https://tools.caseonit.com/npm/hapi/-/hapi-16.6.2.tgz",
      "integrity": "sha512-DBeIsge8nn3rBSFGX/btOwwkkVIMTuWHIkkiWtRAq8IHxhBfmVSewPm4BprU50PQjncQFw44JTN77l/pMKVHlA==",
      "requires": {
        "accept": "2.1.4",
        "ammo": "2.0.4",
        "boom": "5.2.0",
        "call": "4.0.2",
        "catbox": "7.1.5",
        "catbox-memory": "2.0.4",
        "cryptiles": "3.1.2",
        "heavy": "4.0.4",
        "hoek": "4.2.0",
        "iron": "4.0.5",
        "items": "2.1.1",
        "joi": "11.4.0",
        "mimos": "3.0.3",
        "podium": "1.3.0",
        "shot": "3.4.2",
        "statehood": "5.0.3",
        "subtext": "5.0.0",
        "topo": "2.0.2"
      },
      "dependencies": {
        "isemail": {
          "version": "3.0.0",
          "resolved": "https://tools.caseonit.com/npm/isemail/-/isemail-3.0.0.tgz",
          "integrity": "sha512-rz0ng/c+fX+zACpLgDB8fnUQ845WSU06f4hlhk4K8TJxmR6f5hyvitu9a9JdMD7aq/P4E0XdG1uaab2OiXgHlA==",
          "requires": {
            "punycode": "2.1.0"
          }
        },
        "joi": {
          "version": "11.4.0",
          "resolved": "https://tools.caseonit.com/npm/joi/-/joi-11.4.0.tgz",
          "integrity": "sha512-O7Uw+w/zEWgbL6OcHbyACKSj0PkQeUgmehdoXVSxt92QFCq4+1390Rwh5moI2K/OgC7D8RHRZqHZxT2husMJHA==",
          "requires": {
            "hoek": "4.2.0",
            "isemail": "3.0.0",
            "topo": "2.0.2"
          }
        }
      }
    },
    "hapi-swagger": {
      "version": "7.9.1",
      "resolved": "https://tools.caseonit.com/npm/hapi-swagger/-/hapi-swagger-7.9.1.tgz",
      "integrity": "sha512-B9ioDgbj2kbXKAEXetBvTf5TrfSixq44EEsSvgQz2zt2v/6diSB1Gh2Kfj+LIOgl//MmGYnqBH5AcmlOHyzOeQ==",
      "requires": {
        "boom": "5.2.0",
        "fast-safe-stringify": "1.2.0",
        "handlebars": "4.0.11",
        "hoek": "4.2.0",
        "http-status": "1.0.1",
        "joi": "11.0.2",
        "json-schema-ref-parser": "3.3.1",
        "swagger-parser": "3.4.2"
      },
      "dependencies": {
        "isemail": {
          "version": "3.0.0",
          "resolved": "https://tools.caseonit.com/npm/isemail/-/isemail-3.0.0.tgz",
          "integrity": "sha512-rz0ng/c+fX+zACpLgDB8fnUQ845WSU06f4hlhk4K8TJxmR6f5hyvitu9a9JdMD7aq/P4E0XdG1uaab2OiXgHlA==",
          "requires": {
            "punycode": "2.1.0"
          }
        },
        "joi": {
          "version": "11.0.2",
          "resolved": "https://tools.caseonit.com/npm/joi/-/joi-11.0.2.tgz",
          "integrity": "sha512-VoWLK6UAF92nBmF/cZnkX/un3Rz8J3t+BDJ59Q1Etm1utJU000wRuhWLSkU3OcIM7+MA5A0hjClp6AWU0k8G2w==",
          "requires": {
            "hoek": "4.2.0",
            "isemail": "3.0.0",
            "items": "2.1.1",
            "topo": "2.0.2"
          }
        }
      }
    },
    "hapijs-status-monitor": {
      "version": "0.6.0",
      "resolved": "https://tools.caseonit.com/npm/hapijs-status-monitor/-/hapijs-status-monitor-0.6.0.tgz",
      "integrity": "sha512-fzN7vmk/ep7uMABuiaWbApfneZvzi2HuXGkQ3xnAH8mOwjDN6JfVdm0WcHKoOBCm9QG2Yxf0tzeRhtSuKDBT8g==",
      "requires": {
        "pidusage": "1.2.0",
        "socket.io": "2.0.4"
      }
    },
    "has-binary2": {
      "version": "1.0.2",
      "resolved": "https://tools.caseonit.com/npm/has-binary2/-/has-binary2-1.0.2.tgz",
      "integrity": "sha1-6D26SfC5vk0CbSc2U1DZ8D9Uvpg=",
      "requires": {
        "isarray": "2.0.1"
      }
    },
    "has-cors": {
      "version": "1.1.0",
      "resolved": "https://tools.caseonit.com/npm/has-cors/-/has-cors-1.1.0.tgz",
      "integrity": "sha1-XkdHk/fqmEPRu5nCPu9J/xJv/zk="
    },
    "heavy": {
      "version": "4.0.4",
      "resolved": "https://tools.caseonit.com/npm/heavy/-/heavy-4.0.4.tgz",
      "integrity": "sha1-NskTNsAMz+hSyqTRUwhjNc0vAOk=",
      "requires": {
        "boom": "5.2.0",
        "hoek": "4.2.0",
        "joi": "10.6.0"
      }
    },
    "hoek": {
      "version": "4.2.0",
      "resolved": "https://tools.caseonit.com/npm/hoek/-/hoek-4.2.0.tgz",
      "integrity": "sha512-v0XCLxICi9nPfYrS9RL8HbYnXi9obYAeLbSP00BmnZwCK9+Ih9WOjoZ8YoHCoav2csqn4FOz4Orldsy2dmDwmQ=="
    },
    "http-status": {
      "version": "1.0.1",
      "resolved": "https://tools.caseonit.com/npm/http-status/-/http-status-1.0.1.tgz",
      "integrity": "sha1-3EMAGov8UKyH1IWokvdXiWS8lKI="
    },
    "indexof": {
      "version": "0.0.1",
      "resolved": "https://tools.caseonit.com/npm/indexof/-/indexof-0.0.1.tgz",
      "integrity": "sha1-gtwzbSMrkGIXnQWrMpOmYFn9Q10="
    },
    "inert": {
      "version": "4.2.1",
      "resolved": "https://tools.caseonit.com/npm/inert/-/inert-4.2.1.tgz",
      "integrity": "sha512-qmbbZYPSzU/eOUOStPQvSjrU9IR1Q3uDtsEsVwnBQeZG43xu7Nrj6yuUrX3ice/03rv5dj/KiKB+NGCbiqH+aQ==",
      "requires": {
        "ammo": "2.0.4",
        "boom": "5.2.0",
        "hoek": "4.2.0",
        "items": "2.1.1",
        "joi": "10.6.0",
        "lru-cache": "4.1.1"
      }
    },
    "iron": {
      "version": "4.0.5",
      "resolved": "https://tools.caseonit.com/npm/iron/-/iron-4.0.5.tgz",
      "integrity": "sha1-TwQszri5c480a1mqc0yDqJvDFCg=",
      "requires": {
        "boom": "5.2.0",
        "cryptiles": "3.1.2",
        "hoek": "4.2.0"
      }
    },
    "is-buffer": {
      "version": "1.1.6",
      "resolved": "https://tools.caseonit.com/npm/is-buffer/-/is-buffer-1.1.6.tgz",
      "integrity": "sha512-NcdALwpXkTm5Zvvbk7owOUSvVvBKDgKP5/ewfXEznmQFfs4ZRmanOeKBTjRVjka3QFoN6XJ+9F3USqfHqTaU5w=="
    },
    "isarray": {
      "version": "2.0.1",
      "resolved": "https://tools.caseonit.com/npm/isarray/-/isarray-2.0.1.tgz",
      "integrity": "sha1-o32U7ZzaLVmGXJ92/llu4fM4dB4="
    },
    "isemail": {
      "version": "2.2.1",
      "resolved": "https://tools.caseonit.com/npm/isemail/-/isemail-2.2.1.tgz",
      "integrity": "sha1-A1PT2aYpUQgMJiwqoKQrjqjp4qY="
    },
    "items": {
      "version": "2.1.1",
      "resolved": "https://tools.caseonit.com/npm/items/-/items-2.1.1.tgz",
      "integrity": "sha1-i9FtnIOxlSneWuoyGsqtp4NkoZg="
    },
    "joi": {
      "version": "10.6.0",
      "resolved": "https://tools.caseonit.com/npm/joi/-/joi-10.6.0.tgz",
      "integrity": "sha512-hBF3LcqyAid+9X/pwg+eXjD2QBZI5eXnBFJYaAkH4SK3mp9QSRiiQnDYlmlz5pccMvnLcJRS4whhDOTCkmsAdQ==",
      "requires": {
        "hoek": "4.2.0",
        "isemail": "2.2.1",
        "items": "2.1.1",
        "topo": "2.0.2"
      }
    },
    "js-yaml": {
      "version": "3.10.0",
      "resolved": "https://tools.caseonit.com/npm/js-yaml/-/js-yaml-3.10.0.tgz",
      "integrity": "sha512-O2v52ffjLa9VeM43J4XocZE//WT9N0IiwDa3KSHH7Tu8CtH+1qM8SIZvnsTh6v+4yFy5KUY3BHUVwjpfAWsjIA==",
      "requires": {
        "argparse": "1.0.9",
        "esprima": "4.0.0"
      }
    },
    "json-schema-ref-parser": {
      "version": "3.3.1",
      "resolved": "https://tools.caseonit.com/npm/json-schema-ref-parser/-/json-schema-ref-parser-3.3.1.tgz",
      "integrity": "sha512-stQTMhec2R/p2L9dH4XXRlpNCP0mY8QrLd/9Kl+8SHJQmwHtE1nDfXH4wbsSM+GkJMl8t92yZbI0OIol432CIQ==",
      "requires": {
        "call-me-maybe": "1.0.1",
        "debug": "3.1.0",
        "es6-promise": "4.1.1",
        "js-yaml": "3.10.0",
        "ono": "4.0.2",
        "z-schema": "3.18.4"
      }
    },
    "kind-of": {
      "version": "3.2.2",
      "resolved": "https://tools.caseonit.com/npm/kind-of/-/kind-of-3.2.2.tgz",
      "integrity": "sha1-MeohpzS6ubuw8yRm2JOupR5KPGQ=",
      "requires": {
        "is-buffer": "1.1.6"
      }
    },
    "lazy-cache": {
      "version": "1.0.4",
      "resolved": "https://tools.caseonit.com/npm/lazy-cache/-/lazy-cache-1.0.4.tgz",
      "integrity": "sha1-odePw6UEdMuAhF07O24dpJpEbo4=",
      "optional": true
    },
    "lodash.get": {
      "version": "4.4.2",
      "resolved": "https://tools.caseonit.com/npm/lodash.get/-/lodash.get-4.4.2.tgz",
      "integrity": "sha1-LRd/ZS+jHpObRDjVNBSZ36OCXpk="
    },
    "lodash.isequal": {
      "version": "4.5.0",
      "resolved": "https://tools.caseonit.com/npm/lodash.isequal/-/lodash.isequal-4.5.0.tgz",
      "integrity": "sha1-QVxEePK8wwEgwizhDtMib30+GOA="
    },
    "longest": {
      "version": "1.0.1",
      "resolved": "https://tools.caseonit.com/npm/longest/-/longest-1.0.1.tgz",
      "integrity": "sha1-MKCy2jj3N3DoKUoNIuZiXtd9AJc="
    },
    "lru-cache": {
      "version": "4.1.1",
      "resolved": "https://tools.caseonit.com/npm/lru-cache/-/lru-cache-4.1.1.tgz",
      "integrity": "sha512-q4spe4KTfsAS1SUHLO0wz8Qiyf1+vMIAgpRYioFYDMNqKfHQbg+AVDH3i4fvpl71/P1L0dBl+fQi+P37UYf0ew==",
      "requires": {
        "pseudomap": "1.0.2",
        "yallist": "2.1.2"
      }
    },
    "mime-db": {
      "version": "1.31.0",
      "resolved": "https://tools.caseonit.com/npm/mime-db/-/mime-db-1.31.0.tgz",
      "integrity": "sha512-oB3w9lx50CMd6nfonoV5rBRUbJtjMifUHaFb5MfzjC8ksAIfVjT0BsX46SjjqBz7n9JGTrTX3paIeLSK+rS5fQ=="
    },
    "mime-types": {
      "version": "2.1.17",
      "resolved": "https://tools.caseonit.com/npm/mime-types/-/mime-types-2.1.17.tgz",
      "integrity": "sha1-Cdejk/A+mVp5+K+Fe3Cp4KsWVXo=",
      "requires": {
        "mime-db": "1.30.0"
      },
      "dependencies": {
        "mime-db": {
          "version": "1.30.0",
          "resolved": "https://tools.caseonit.com/npm/mime-db/-/mime-db-1.30.0.tgz",
          "integrity": "sha1-dMZD2i3Z1qRTmZY0ZbJtXKfXHwE="
        }
      }
    },
    "mimos": {
      "version": "3.0.3",
      "resolved": "https://tools.caseonit.com/npm/mimos/-/mimos-3.0.3.tgz",
      "integrity": "sha1-uRCQcq03jCty9qAQHEPd+ys2ZB8=",
      "requires": {
        "hoek": "4.2.0",
        "mime-db": "1.31.0"
      }
    },
    "minimist": {
      "version": "0.0.10",
      "resolved": "https://tools.caseonit.com/npm/minimist/-/minimist-0.0.10.tgz",
      "integrity": "sha1-3j+YVD2/lggr5IrRoMfNqDYwHc8="
    },
    "ms": {
      "version": "2.0.0",
      "resolved": "https://tools.caseonit.com/npm/ms/-/ms-2.0.0.tgz",
      "integrity": "sha1-VgiurfwAvmwpAd9fmGF4jeDVl8g="
    },
    "nan": {
      "version": "2.7.0",
      "resolved": "https://tools.caseonit.com/npm/nan/-/nan-2.7.0.tgz",
      "integrity": "sha1-2Vv3IeyHfgjbJ27T/G63j5CDrUY="
    },
    "negotiator": {
      "version": "0.6.1",
      "resolved": "https://tools.caseonit.com/npm/negotiator/-/negotiator-0.6.1.tgz",
      "integrity": "sha1-KzJxhOiZIQEXeyhWP7XnECrNDKk="
    },
    "nigel": {
      "version": "2.0.2",
      "resolved": "https://tools.caseonit.com/npm/nigel/-/nigel-2.0.2.tgz",
      "integrity": "sha1-k6GGb7DFLYc5CqdeKxYfS1x15bE=",
      "requires": {
        "hoek": "4.2.0",
        "vise": "2.0.2"
      }
    },
    "node-rdkafka": {
      "version": "2.1.1",
      "resolved": "https://tools.caseonit.com/npm/node-rdkafka/-/node-rdkafka-2.1.1.tgz",
      "integrity": "sha512-ObJNVHyJJs9MqoNA+kUqeKClUX98qtEqfR2taE7Njd4jCeruACUfVcvtiUaMs8ExQ3KUKdWssllfv63jyb9JoA==",
      "requires": {
        "bindings": "1.3.0",
        "nan": "2.7.0"
      }
    },
    "object-component": {
      "version": "0.0.3",
      "resolved": "https://tools.caseonit.com/npm/object-component/-/object-component-0.0.3.tgz",
      "integrity": "sha1-8MaapQ78lbhmwYb0AKM3acsvEpE="
    },
    "ono": {
      "version": "4.0.2",
      "resolved": "https://tools.caseonit.com/npm/ono/-/ono-4.0.2.tgz",
      "integrity": "sha512-EFXJFoeF+KkZW4lwmcPMKHp2ZU7o6CM+ccX2nPbEJKiJIdyqbIcS1v6pmNgeNJ6x4/vEYn0/8oz66qXSPnnmSQ==",
      "requires": {
        "format-util": "1.0.3"
      }
    },
    "optimist": {
      "version": "0.6.1",
      "resolved": "https://tools.caseonit.com/npm/optimist/-/optimist-0.6.1.tgz",
      "integrity": "sha1-2j6nRob6IaGaERwybpDrFaAZZoY=",
      "requires": {
        "minimist": "0.0.10",
        "wordwrap": "0.0.3"
      }
    },
    "parseqs": {
      "version": "0.0.5",
      "resolved": "https://tools.caseonit.com/npm/parseqs/-/parseqs-0.0.5.tgz",
      "integrity": "sha1-1SCKNzjkZ2bikbouoXNoSSGouJ0=",
      "requires": {
        "better-assert": "1.0.2"
      }
    },
    "parseuri": {
      "version": "0.0.5",
      "resolved": "https://tools.caseonit.com/npm/parseuri/-/parseuri-0.0.5.tgz",
      "integrity": "sha1-gCBKUNTbt3m/3G6+J3jZDkvOMgo=",
      "requires": {
        "better-assert": "1.0.2"
      }
    },
    "pez": {
      "version": "2.1.5",
      "resolved": "https://tools.caseonit.com/npm/pez/-/pez-2.1.5.tgz",
      "integrity": "sha1-XsLMYlAMw+tCNtSkFM9aF7XrUAc=",
      "requires": {
        "b64": "3.0.3",
        "boom": "5.2.0",
        "content": "3.0.6",
        "hoek": "4.2.0",
        "nigel": "2.0.2"
      }
    },
    "pidusage": {
      "version": "1.2.0",
      "resolved": "https://tools.caseonit.com/npm/pidusage/-/pidusage-1.2.0.tgz",
      "integrity": "sha512-OGo+iSOk44HRJ8q15AyG570UYxcm5u+R99DI8Khu8P3tKGkVu5EZX4ywHglWSTMNNXQ274oeGpYrvFEhDIFGPg=="
    },
    "podium": {
      "version": "1.3.0",
      "resolved": "https://tools.caseonit.com/npm/podium/-/podium-1.3.0.tgz",
      "integrity": "sha512-ZIujqk1pv8bRZNVxwwwq0BhXilZ2udycQT3Kp8ah3f3TcTmVg7ILJsv/oLf47gRa2qeiP584lNq+pfvS9U3aow==",
      "requires": {
        "hoek": "4.2.0",
        "items": "2.1.1",
        "joi": "10.6.0"
      }
    },
    "pseudomap": {
      "version": "1.0.2",
      "resolved": "https://tools.caseonit.com/npm/pseudomap/-/pseudomap-1.0.2.tgz",
      "integrity": "sha1-8FKijacOYYkX7wqKw0wa5aaChrM="
    },
    "punycode": {
      "version": "2.1.0",
      "resolved": "https://tools.caseonit.com/npm/punycode/-/punycode-2.1.0.tgz",
      "integrity": "sha1-X4Y+3Im5bbCQdLrXlHvwkFbKTn0="
    },
    "repeat-string": {
      "version": "1.6.1",
      "resolved": "https://tools.caseonit.com/npm/repeat-string/-/repeat-string-1.6.1.tgz",
      "integrity": "sha1-jcrkcOHIirwtYA//Sndihtp15jc="
    },
    "right-align": {
      "version": "0.1.3",
      "resolved": "https://tools.caseonit.com/npm/right-align/-/right-align-0.1.3.tgz",
      "integrity": "sha1-YTObci/mo1FWiSENJOFMlhSGE+8=",
      "optional": true,
      "requires": {
        "align-text": "0.1.4"
      }
    },
    "safe-buffer": {
      "version": "5.0.1",
      "resolved": "https://tools.caseonit.com/npm/safe-buffer/-/safe-buffer-5.0.1.tgz",
      "integrity": "sha1-0mPKVGls2KMGtcplUekt5XkY++c="
    },
    "shot": {
      "version": "3.4.2",
      "resolved": "https://tools.caseonit.com/npm/shot/-/shot-3.4.2.tgz",
      "integrity": "sha1-Hlw/bysmZJrcQvfrNQIUpaApHWc=",
      "requires": {
        "hoek": "4.2.0",
        "joi": "10.6.0"
      }
    },
    "socket.io": {
      "version": "2.0.4",
      "resolved": "https://tools.caseonit.com/npm/socket.io/-/socket.io-2.0.4.tgz",
      "integrity": "sha1-waRZDO/4fs8TxyZS8Eb3FrKeYBQ=",
      "requires": {
        "debug": "2.6.9",
        "engine.io": "3.1.3",
        "socket.io-adapter": "1.1.1",
        "socket.io-client": "2.0.4",
        "socket.io-parser": "3.1.2"
      },
      "dependencies": {
        "debug": {
          "version": "2.6.9",
          "resolved": "https://tools.caseonit.com/npm/debug/-/debug-2.6.9.tgz",
          "integrity": "sha512-bC7ElrdJaJnPbAP+1EotYvqZsb3ecl5wi6Bfi6BJTUcNowp6cvspg0jXznRTKDjm/E7AdgFBVeAPVMNcKGsHMA==",
          "requires": {
            "ms": "2.0.0"
          }
        }
      }
    },
    "socket.io-adapter": {
      "version": "1.1.1",
      "resolved": "https://tools.caseonit.com/npm/socket.io-adapter/-/socket.io-adapter-1.1.1.tgz",
      "integrity": "sha1-KoBeihTWNyEk3ZFZrUUC+MsH8Gs="
    },
    "socket.io-client": {
      "version": "2.0.4",
      "resolved": "https://tools.caseonit.com/npm/socket.io-client/-/socket.io-client-2.0.4.tgz",
      "integrity": "sha1-CRilUkBtxeVAs4Dc2Xr8SmQzL44=",
      "requires": {
        "backo2": "1.0.2",
        "base64-arraybuffer": "0.1.5",
        "component-bind": "1.0.0",
        "component-emitter": "1.2.1",
        "debug": "2.6.9",
        "engine.io-client": "3.1.3",
        "has-cors": "1.1.0",
        "indexof": "0.0.1",
        "object-component": "0.0.3",
        "parseqs": "0.0.5",
        "parseuri": "0.0.5",
        "socket.io-parser": "3.1.2",
        "to-array": "0.1.4"
      },
      "dependencies": {
        "debug": {
          "version": "2.6.9",
          "resolved": "https://tools.caseonit.com/npm/debug/-/debug-2.6.9.tgz",
          "integrity": "sha512-bC7ElrdJaJnPbAP+1EotYvqZsb3ecl5wi6Bfi6BJTUcNowp6cvspg0jXznRTKDjm/E7AdgFBVeAPVMNcKGsHMA==",
          "requires": {
            "ms": "2.0.0"
          }
        }
      }
    },
    "socket.io-parser": {
      "version": "3.1.2",
      "resolved": "https://tools.caseonit.com/npm/socket.io-parser/-/socket.io-parser-3.1.2.tgz",
      "integrity": "sha1-28IoIVH8T6675Aru3Ady66YZ9/I=",
      "requires": {
        "component-emitter": "1.2.1",
        "debug": "2.6.9",
        "has-binary2": "1.0.2",
        "isarray": "2.0.1"
      },
      "dependencies": {
        "debug": {
          "version": "2.6.9",
          "resolved": "https://tools.caseonit.com/npm/debug/-/debug-2.6.9.tgz",
          "integrity": "sha512-bC7ElrdJaJnPbAP+1EotYvqZsb3ecl5wi6Bfi6BJTUcNowp6cvspg0jXznRTKDjm/E7AdgFBVeAPVMNcKGsHMA==",
          "requires": {
            "ms": "2.0.0"
          }
        }
      }
    },
    "source-map": {
      "version": "0.4.4",
      "resolved": "https://tools.caseonit.com/npm/source-map/-/source-map-0.4.4.tgz",
      "integrity": "sha1-66T12pwNyZneaAMti092FzZSA2s=",
      "requires": {
        "amdefine": "1.0.1"
      }
    },
    "sprintf-js": {
      "version": "1.0.3",
      "resolved": "https://tools.caseonit.com/npm/sprintf-js/-/sprintf-js-1.0.3.tgz",
      "integrity": "sha1-BOaSb2YolTVPPdAVIDYzuFcpfiw="
    },
    "statehood": {
      "version": "5.0.3",
      "resolved": "https://tools.caseonit.com/npm/statehood/-/statehood-5.0.3.tgz",
      "integrity": "sha512-YrPrCt10t3ImH/JMO5szSwX7sCm8HoqVl3VFLOa9EZ1g/qJx/ZmMhN+2uzPPB/vaU6hpkJpXxcBWsgIkkG+MXA==",
      "requires": {
        "boom": "5.2.0",
        "cryptiles": "3.1.2",
        "hoek": "4.2.0",
        "iron": "4.0.5",
        "items": "2.1.1",
        "joi": "10.6.0"
      }
    },
    "subtext": {
      "version": "5.0.0",
      "resolved": "https://tools.caseonit.com/npm/subtext/-/subtext-5.0.0.tgz",
      "integrity": "sha512-2nXG1G1V+K64Z20cQII7k0s38J2DSycMXBLMAk9RXUFG0uAkAbLSVoa88croX9VhTdBCJbLAe9g6LmzKwpJhhQ==",
      "requires": {
        "boom": "5.2.0",
        "content": "3.0.6",
        "hoek": "4.2.0",
        "pez": "2.1.5",
        "wreck": "12.5.1"
      }
    },
    "swagger-methods": {
      "version": "1.0.0",
      "resolved": "https://tools.caseonit.com/npm/swagger-methods/-/swagger-methods-1.0.0.tgz",
      "integrity": "sha1-s5x3lX0wWmU1wKHgFQgRhbmdYfw="
    },
    "swagger-parser": {
      "version": "3.4.2",
      "resolved": "https://tools.caseonit.com/npm/swagger-parser/-/swagger-parser-3.4.2.tgz",
      "integrity": "sha512-himpIkA50AjTvrgtz0PPbzwWoTjj3F3ye/y1PcW/514YEp1A3IhAcJFkkEu7b1zHnSIthnzxC8aTy+XZG0D+iA==",
      "requires": {
        "call-me-maybe": "1.0.1",
        "debug": "3.1.0",
        "es6-promise": "4.1.1",
        "json-schema-ref-parser": "1.4.1",
        "ono": "4.0.2",
        "swagger-methods": "1.0.0",
        "swagger-schema-official": "2.0.0-bab6bed",
        "z-schema": "3.18.4"
      },
      "dependencies": {
        "json-schema-ref-parser": {
          "version": "1.4.1",
          "resolved": "https://tools.caseonit.com/npm/json-schema-ref-parser/-/json-schema-ref-parser-1.4.1.tgz",
          "integrity": "sha1-wMLkOL8HlnI7AkUbrovH3Qs3/tA=",
          "requires": {
            "call-me-maybe": "1.0.1",
            "debug": "2.6.9",
            "es6-promise": "3.3.1",
            "js-yaml": "3.10.0",
            "ono": "2.2.5"
          },
          "dependencies": {
            "debug": {
              "version": "2.6.9",
              "resolved": "https://tools.caseonit.com/npm/debug/-/debug-2.6.9.tgz",
              "integrity": "sha512-bC7ElrdJaJnPbAP+1EotYvqZsb3ecl5wi6Bfi6BJTUcNowp6cvspg0jXznRTKDjm/E7AdgFBVeAPVMNcKGsHMA==",
              "requires": {
                "ms": "2.0.0"
              }
            },
            "es6-promise": {
              "version": "3.3.1",
              "resolved": "https://tools.caseonit.com/npm/es6-promise/-/es6-promise-3.3.1.tgz",
              "integrity": "sha1-oIzd6EzNvzTQJ6FFG8kdS80ophM="
            },
            "ono": {
              "version": "2.2.5",
              "resolved": "https://tools.caseonit.com/npm/ono/-/ono-2.2.5.tgz",
              "integrity": "sha1-2vCUiLURdNp6fkJ136sxtDj/oOM="
            }
          }
        }
      }
    },
    "swagger-schema-official": {
      "version": "2.0.0-bab6bed",
      "resolved": "https://tools.caseonit.com/npm/swagger-schema-official/-/swagger-schema-official-2.0.0-bab6bed.tgz",
      "integrity": "sha1-cAcEaNbSl3ylI3suUZyn0Gouo/0="
    },
    "to-array": {
      "version": "0.1.4",
      "resolved": "https://tools.caseonit.com/npm/to-array/-/to-array-0.1.4.tgz",
      "integrity": "sha1-F+bBH3PdTz10zaek/zI46a2b+JA="
    },
    "topo": {
      "version": "2.0.2",
      "resolved": "https://tools.caseonit.com/npm/topo/-/topo-2.0.2.tgz",
      "integrity": "sha1-zVYVdSU5BXwNwEkaYhw7xvvh0YI=",
      "requires": {
        "hoek": "4.2.0"
      }
    },
    "uglify-js": {
      "version": "2.8.29",
      "resolved": "https://tools.caseonit.com/npm/uglify-js/-/uglify-js-2.8.29.tgz",
      "integrity": "sha1-KcVzMUgFe7Th913zW3qcty5qWd0=",
      "optional": true,
      "requires": {
        "source-map": "0.5.7",
        "uglify-to-browserify": "1.0.2",
        "yargs": "3.10.0"
      },
      "dependencies": {
        "source-map": {
          "version": "0.5.7",
          "resolved": "https://tools.caseonit.com/npm/source-map/-/source-map-0.5.7.tgz",
          "integrity": "sha1-igOdLRAh0i0eoUyA2OpGi6LvP8w=",
          "optional": true
        }
      }
    },
    "uglify-to-browserify": {
      "version": "1.0.2",
      "resolved": "https://tools.caseonit.com/npm/uglify-to-browserify/-/uglify-to-browserify-1.0.2.tgz",
      "integrity": "sha1-bgkk1r2mta/jSeOabWMoUKD4grc=",
      "optional": true
    },
    "ultron": {
      "version": "1.1.0",
      "resolved": "https://tools.caseonit.com/npm/ultron/-/ultron-1.1.0.tgz",
      "integrity": "sha1-sHoualQagV/Go0zNRTO67DB8qGQ="
    },
    "uws": {
      "version": "0.14.5",
      "resolved": "https://tools.caseonit.com/npm/uws/-/uws-0.14.5.tgz",
      "integrity": "sha1-Z6rzPEaypYel9mZtAPdpEyjxSdw=",
      "optional": true
    },
    "validator": {
      "version": "8.2.0",
      "resolved": "https://tools.caseonit.com/npm/validator/-/validator-8.2.0.tgz",
      "integrity": "sha512-Yw5wW34fSv5spzTXNkokD6S6/Oq92d8q/t14TqsS3fAiA1RYnxSFSIZ+CY3n6PGGRCq5HhJTSepQvFUS2QUDxA=="
    },
    "vise": {
      "version": "2.0.2",
      "resolved": "https://tools.caseonit.com/npm/vise/-/vise-2.0.2.tgz",
      "integrity": "sha1-awjo+0y3bjpQzW3Q7DczjoEaDTk=",
      "requires": {
        "hoek": "4.2.0"
      }
    },
    "vision": {
      "version": "4.1.1",
      "resolved": "https://tools.caseonit.com/npm/vision/-/vision-4.1.1.tgz",
      "integrity": "sha1-4bYSstLi8gMQoDkpD9SdUSSPgto=",
      "requires": {
        "boom": "4.3.1",
        "hoek": "4.2.0",
        "items": "2.1.1",
        "joi": "10.6.0"
      },
      "dependencies": {
        "boom": {
          "version": "4.3.1",
          "resolved": "https://tools.caseonit.com/npm/boom/-/boom-4.3.1.tgz",
          "integrity": "sha1-T4owBctKfjiJ90kDD9JbluAdLjE=",
          "requires": {
            "hoek": "4.2.0"
          }
        }
      }
    },
    "window-size": {
      "version": "0.1.0",
      "resolved": "https://tools.caseonit.com/npm/window-size/-/window-size-0.1.0.tgz",
      "integrity": "sha1-VDjNLqk7IC76Ohn+iIeu58lPnJ0=",
      "optional": true
    },
    "wordwrap": {
      "version": "0.0.3",
      "resolved": "https://tools.caseonit.com/npm/wordwrap/-/wordwrap-0.0.3.tgz",
      "integrity": "sha1-o9XabNXAvAAI03I0u68b7WMFkQc="
    },
    "wreck": {
      "version": "12.5.1",
      "resolved": "https://tools.caseonit.com/npm/wreck/-/wreck-12.5.1.tgz",
      "integrity": "sha512-l5DUGrc+yDyIflpty1x9XuMj1ehVjC/dTbF3/BasOO77xk0EdEa4M/DuOY8W88MQDAD0fEDqyjc8bkIMHd2E9A==",
      "requires": {
        "boom": "5.2.0",
        "hoek": "4.2.0"
      }
    },
    "ws": {
      "version": "2.3.1",
      "resolved": "https://tools.caseonit.com/npm/ws/-/ws-2.3.1.tgz",
      "integrity": "sha1-a5Sz5EfLajY/eF6vlK9jWejoHIA=",
      "requires": {
        "safe-buffer": "5.0.1",
        "ultron": "1.1.0"
      }
    },
    "xmlhttprequest-ssl": {
      "version": "1.5.4",
      "resolved": "https://tools.caseonit.com/npm/xmlhttprequest-ssl/-/xmlhttprequest-ssl-1.5.4.tgz",
      "integrity": "sha1-BPVgkVcks4kIhxXMDteBPpZ3v1c="
    },
    "yallist": {
      "version": "2.1.2",
      "resolved": "https://tools.caseonit.com/npm/yallist/-/yallist-2.1.2.tgz",
      "integrity": "sha1-HBH5IY8HYImkfdUS+TxmmaaoHVI="
    },
    "yargs": {
      "version": "3.10.0",
      "resolved": "https://tools.caseonit.com/npm/yargs/-/yargs-3.10.0.tgz",
      "integrity": "sha1-9+572FfdfB0tOMDnTvvWgdFDH9E=",
      "optional": true,
      "requires": {
        "camelcase": "1.2.1",
        "cliui": "2.1.0",
        "decamelize": "1.2.0",
        "window-size": "0.1.0"
      }
    },
    "yeast": {
      "version": "0.1.2",
      "resolved": "https://tools.caseonit.com/npm/yeast/-/yeast-0.1.2.tgz",
      "integrity": "sha1-AI4G2AlDIMNy28L47XagymyKxBk="
    },
    "z-schema": {
      "version": "3.18.4",
      "resolved": "https://tools.caseonit.com/npm/z-schema/-/z-schema-3.18.4.tgz",
      "integrity": "sha512-DUOKC/IhbkdLKKiV89gw9DUauTV8U/8yJl1sjf6MtDmzevLKOF2duNJ495S3MFVjqZarr+qNGCPbkg4mu4PpLw==",
      "requires": {
        "commander": "2.11.0",
        "lodash.get": "4.4.2",
        "lodash.isequal": "4.5.0",
        "validator": "8.2.0"
      }
    }
  }
}
